
Microsoft Visual Studio Solution File, Format Version 12.00
# Visual Studio Version 17
VisualStudioVersion = 17.14.36401.2 d17.14
MinimumVisualStudioVersion = 10.0.40219.1
Project("{FAE04EC0-301F-11D3-BF4B-00C04F79EFBC}") = "CollectionAssignment_1", "CollectionAssignment_12\CollectionAssignment_1.csproj", "{5043FDFD-4B2E-4F7D-9E2C-73C9D255BA54}"
EndProject
Project("{FAE04EC0-301F-11D3-BF4B-00C04F79EFBC}") = "CollectionAssignment2", "CollectionAssignment2\CollectionAssignment2.csproj", "{5A213F96-A83F-474B-87A6-1748BBD1419A}"
EndProject
Project("{FAE04EC0-301F-11D3-BF4B-00C04F79EFBC}") = "CollectionAssignment3", "CollectionAssignment3\CollectionAssignment3.csproj", "{13AD7FE4-DE57-4E65-B3F2-69CC505D1256}"
EndProject
Project("{FAE04EC0-301F-11D3-BF4B-00C04F79EFBC}") = "CollectionAssignment4", "CollectionAssignment4\CollectionAssignment4.csproj", "{1FDABDAD-0BFB-456E-943F-F660F10FF5E6}"
EndProject
Project("{FAE04EC0-301F-11D3-BF4B-00C04F79EFBC}") = "CollectionAssignment5", "CollectionAssignment5\CollectionAssignment5.csproj", "{E74CEB0A-3A97-4C4E-84DD-5430B1AC560E}"
EndProject
Global
	GlobalSection(SolutionConfigurationPlatforms) = preSolution
		Debug|Any CPU = Debug|Any CPU
		Release|Any CPU = Release|Any CPU
	EndGlobalSection
	GlobalSection(ProjectConfigurationPlatforms) = postSolution
		{5043FDFD-4B2E-4F7D-9E2C-73C9D255BA54}.Debug|Any CPU.ActiveCfg = Debug|Any CPU
		{5043FDFD-4B2E-4F7D-9E2C-73C9D255BA54}.Debug|Any CPU.Build.0 = Debug|Any CPU
		{5043FDFD-4B2E-4F7D-9E2C-73C9D255BA54}.Release|Any CPU.ActiveCfg = Release|Any CPU
		{5043FDFD-4B2E-4F7D-9E2C-73C9D255BA54}.Release|Any CPU.Build.0 = Release|Any CPU
		{5A213F96-A83F-474B-87A6-1748BBD1419A}.Debug|Any CPU.ActiveCfg = Debug|Any CPU
		{5A213F96-A83F-474B-87A6-1748BBD1419A}.Debug|Any CPU.Build.0 = Debug|Any CPU
		{5A213F96-A83F-474B-87A6-1748BBD1419A}.Release|Any CPU.ActiveCfg = Release|Any CPU
		{5A213F96-A83F-474B-87A6-1748BBD1419A}.Release|Any CPU.Build.0 = Release|Any CPU
		{13AD7FE4-DE57-4E65-B3F2-69CC505D1256}.Debug|Any CPU.ActiveCfg = Debug|Any CPU
		{13AD7FE4-DE57-4E65-B3F2-69CC505D1256}.Debug|Any CPU.Build.0 = Debug|Any CPU
		{13AD7FE4-DE57-4E65-B3F2-69CC505D1256}.Release|Any CPU.ActiveCfg = Release|Any CPU
		{13AD7FE4-DE57-4E65-B3F2-69CC505D1256}.Release|Any CPU.Build.0 = Release|Any CPU
		{1FDABDAD-0BFB-456E-943F-F660F10FF5E6}.Debug|Any CPU.ActiveCfg = Debug|Any CPU
		{1FDABDAD-0BFB-456E-943F-F660F10FF5E6}.Debug|Any CPU.Build.0 = Debug|Any CPU
		{1FDABDAD-0BFB-456E-943F-F660F10FF5E6}.Release|Any CPU.ActiveCfg = Release|Any CPU
		{1FDABDAD-0BFB-456E-943F-F660F10FF5E6}.Release|Any CPU.Build.0 = Release|Any CPU
		{E74CEB0A-3A97-4C4E-84DD-5430B1AC560E}.Debug|Any CPU.ActiveCfg = Debug|Any CPU
		{E74CEB0A-3A97-4C4E-84DD-5430B1AC560E}.Debug|Any CPU.Build.0 = Debug|Any CPU
		{E74CEB0A-3A97-4C4E-84DD-5430B1AC560E}.Release|Any CPU.ActiveCfg = Release|Any CPU
		{E74CEB0A-3A97-4C4E-84DD-5430B1AC560E}.Release|Any CPU.Build.0 = Release|Any CPU
	EndGlobalSection
	GlobalSection(SolutionProperties) = preSolution
		HideSolutionNode = FALSE
	EndGlobalSection
	GlobalSection(ExtensibilityGlobals) = postSolution
		SolutionGuid = {47EBA712-4C62-483C-B885-A65BED7C82E3}
	EndGlobalSection
EndGlobal
