
Microsoft Visual Studio Solution File, Format Version 12.00
# Visual Studio Version 17
VisualStudioVersion = 17.14.36401.2 d17.14
MinimumVisualStudioVersion = 10.0.40219.1
Project("{FAE04EC0-301F-11D3-BF4B-00C04F79EFBC}") = "MethodAssignment18AUG", "MethodAssignment18AUG\MethodAssignment18AUG.csproj", "{53E666FF-1B4B-4EF8-81C3-C160EBC686DF}"
EndProject
Global
	GlobalSection(SolutionConfigurationPlatforms) = preSolution
		Debug|Any CPU = Debug|Any CPU
		Release|Any CPU = Release|Any CPU
	EndGlobalSection
	GlobalSection(ProjectConfigurationPlatforms) = postSolution
		{53E666FF-1B4B-4EF8-81C3-C160EBC686DF}.Debug|Any CPU.ActiveCfg = Debug|Any CPU
		{53E666FF-1B4B-4EF8-81C3-C160EBC686DF}.Debug|Any CPU.Build.0 = Debug|Any CPU
		{53E666FF-1B4B-4EF8-81C3-C160EBC686DF}.Release|Any CPU.ActiveCfg = Release|Any CPU
		{53E666FF-1B4B-4EF8-81C3-C160EBC686DF}.Release|Any CPU.Build.0 = Release|Any CPU
	EndGlobalSection
	GlobalSection(SolutionProperties) = preSolution
		HideSolutionNode = FALSE
	EndGlobalSection
	GlobalSection(ExtensibilityGlobals) = postSolution
		SolutionGuid = {01315D78-ABA2-4E8C-B141-A4217EDD7889}
	EndGlobalSection
EndGlobal
