
Microsoft Visual Studio Solution File, Format Version 12.00
# Visual Studio Version 17
VisualStudioVersion = 17.14.36401.2 d17.14
MinimumVisualStudioVersion = 10.0.40219.1
Project("{FAE04EC0-301F-11D3-BF4B-00C04F79EFBC}") = "DataTypes1st", "DataTypes1st\DataTypes1st.csproj", "{6EA267C6-0C7F-4CCC-BB03-74C65EF29FEE}"
EndProject
Global
	GlobalSection(SolutionConfigurationPlatforms) = preSolution
		Debug|Any CPU = Debug|Any CPU
		Release|Any CPU = Release|Any CPU
	EndGlobalSection
	GlobalSection(ProjectConfigurationPlatforms) = postSolution
		{6EA267C6-0C7F-4CCC-BB03-74C65EF29FEE}.Debug|Any CPU.ActiveCfg = Debug|Any CPU
		{6EA267C6-0C7F-4CCC-BB03-74C65EF29FEE}.Debug|Any CPU.Build.0 = Debug|Any CPU
		{6EA267C6-0C7F-4CCC-BB03-74C65EF29FEE}.Release|Any CPU.ActiveCfg = Release|Any CPU
		{6EA267C6-0C7F-4CCC-BB03-74C65EF29FEE}.Release|Any CPU.Build.0 = Release|Any CPU
	EndGlobalSection
	GlobalSection(SolutionProperties) = preSolution
		HideSolutionNode = FALSE
	EndGlobalSection
	GlobalSection(ExtensibilityGlobals) = postSolution
		SolutionGuid = {EFF7E84E-7E65-4CF5-A192-270FF99937D6}
	EndGlobalSection
EndGlobal
