
Microsoft Visual Studio Solution File, Format Version 12.00
# Visual Studio Version 17
VisualStudioVersion = 17.14.36401.2 d17.14
MinimumVisualStudioVersion = 10.0.40219.1
Project("{FAE04EC0-301F-11D3-BF4B-00C04F79EFBC}") = "CellPhoneAug20", "CellPhoneAug20\CellPhoneAug20.csproj", "{28021DE9-0861-4E84-B38F-9F582CB9C5A4}"
EndProject
Global
	GlobalSection(SolutionConfigurationPlatforms) = preSolution
		Debug|Any CPU = Debug|Any CPU
		Release|Any CPU = Release|Any CPU
	EndGlobalSection
	GlobalSection(ProjectConfigurationPlatforms) = postSolution
		{28021DE9-0861-4E84-B38F-9F582CB9C5A4}.Debug|Any CPU.ActiveCfg = Debug|Any CPU
		{28021DE9-0861-4E84-B38F-9F582CB9C5A4}.Debug|Any CPU.Build.0 = Debug|Any CPU
		{28021DE9-0861-4E84-B38F-9F582CB9C5A4}.Release|Any CPU.ActiveCfg = Release|Any CPU
		{28021DE9-0861-4E84-B38F-9F582CB9C5A4}.Release|Any CPU.Build.0 = Release|Any CPU
	EndGlobalSection
	GlobalSection(SolutionProperties) = preSolution
		HideSolutionNode = FALSE
	EndGlobalSection
	GlobalSection(ExtensibilityGlobals) = postSolution
		SolutionGuid = {AFB28615-121F-4B0D-8162-DDE3329BCCD1}
	EndGlobalSection
EndGlobal
