
Microsoft Visual Studio Solution File, Format Version 12.00
# Visual Studio Version 17
VisualStudioVersion = 17.14.36401.2 d17.14
MinimumVisualStudioVersion = 10.0.40219.1
Project("{FAE04EC0-301F-11D3-BF4B-00C04F79EFBC}") = "Class&ObjectsOne", "Class&ObjectsOne\Class&ObjectsOne.csproj", "{B6703443-96D6-4D0C-8B86-C227EC8DF0B7}"
EndProject
Global
	GlobalSection(SolutionConfigurationPlatforms) = preSolution
		Debug|Any CPU = Debug|Any CPU
		Release|Any CPU = Release|Any CPU
	EndGlobalSection
	GlobalSection(ProjectConfigurationPlatforms) = postSolution
		{B6703443-96D6-4D0C-8B86-C227EC8DF0B7}.Debug|Any CPU.ActiveCfg = Debug|Any CPU
		{B6703443-96D6-4D0C-8B86-C227EC8DF0B7}.Debug|Any CPU.Build.0 = Debug|Any CPU
		{B6703443-96D6-4D0C-8B86-C227EC8DF0B7}.Release|Any CPU.ActiveCfg = Release|Any CPU
		{B6703443-96D6-4D0C-8B86-C227EC8DF0B7}.Release|Any CPU.Build.0 = Release|Any CPU
	EndGlobalSection
	GlobalSection(SolutionProperties) = preSolution
		HideSolutionNode = FALSE
	EndGlobalSection
	GlobalSection(ExtensibilityGlobals) = postSolution
		SolutionGuid = {C56642DC-443C-4F63-82C3-806EC35CE546}
	EndGlobalSection
EndGlobal
